
Microsoft Visual Studio Solution File, Format Version 12.00
# Visual Studio Version 17
VisualStudioVersion = 17.9.34622.214
MinimumVisualStudioVersion = 10.0.40219.1
Project("{8BC9CEB8-8B4A-11D0-8D11-00A0C91BC942}") = "2.SmartPointers", "2.SmartPointers\2.SmartPointers.vcxproj", "{0F8400EC-8529-4AF4-A9B7-1DBA63A00E11}"
EndProject
Global
	GlobalSection(SolutionConfigurationPlatforms) = preSolution
		Debug|x64 = Debug|x64
		Debug|x86 = Debug|x86
		Release|x64 = Release|x64
		Release|x86 = Release|x86
	EndGlobalSection
	GlobalSection(ProjectConfigurationPlatforms) = postSolution
		{0F8400EC-8529-4AF4-A9B7-1DBA63A00E11}.Debug|x64.ActiveCfg = Debug|x64
		{0F8400EC-8529-4AF4-A9B7-1DBA63A00E11}.Debug|x64.Build.0 = Debug|x64
		{0F8400EC-8529-4AF4-A9B7-1DBA63A00E11}.Debug|x86.ActiveCfg = Debug|Win32
		{0F8400EC-8529-4AF4-A9B7-1DBA63A00E11}.Debug|x86.Build.0 = Debug|Win32
		{0F8400EC-8529-4AF4-A9B7-1DBA63A00E11}.Release|x64.ActiveCfg = Release|x64
		{0F8400EC-8529-4AF4-A9B7-1DBA63A00E11}.Release|x64.Build.0 = Release|x64
		{0F8400EC-8529-4AF4-A9B7-1DBA63A00E11}.Release|x86.ActiveCfg = Release|Win32
		{0F8400EC-8529-4AF4-A9B7-1DBA63A00E11}.Release|x86.Build.0 = Release|Win32
	EndGlobalSection
	GlobalSection(SolutionProperties) = preSolution
		HideSolutionNode = FALSE
	EndGlobalSection
	GlobalSection(ExtensibilityGlobals) = postSolution
		SolutionGuid = {B7768150-568E-427E-AC90-3E63847F25D1}
	EndGlobalSection
EndGlobal
